
Microsoft Visual Studio Solution File, Format Version 12.00
# Visual Studio 15
VisualStudioVersion = 15.0.26730.3
MinimumVisualStudioVersion = 15.0.26124.0
Project("{9A19103F-16F7-4668-BE54-9A1E7A4F7556}") = "FanapPlus.Torange.Samples.Web", "FanapPlus.Torange.Samples.Web\FanapPlus.Torange.Samples.Web.csproj", "{A08E875A-91FE-4AFC-81F8-96F19C3881D6}"
EndProject
Global
	GlobalSection(SolutionConfigurationPlatforms) = preSolution
		Debug|Any CPU = Debug|Any CPU
		Debug|x64 = Debug|x64
		Debug|x86 = Debug|x86
		Release|Any CPU = Release|Any CPU
		Release|x64 = Release|x64
		Release|x86 = Release|x86
	EndGlobalSection
	GlobalSection(ProjectConfigurationPlatforms) = postSolution
		{A08E875A-91FE-4AFC-81F8-96F19C3881D6}.Debug|Any CPU.ActiveCfg = Debug|Any CPU
		{A08E875A-91FE-4AFC-81F8-96F19C3881D6}.Debug|Any CPU.Build.0 = Debug|Any CPU
		{A08E875A-91FE-4AFC-81F8-96F19C3881D6}.Debug|x64.ActiveCfg = Debug|Any CPU
		{A08E875A-91FE-4AFC-81F8-96F19C3881D6}.Debug|x64.Build.0 = Debug|Any CPU
		{A08E875A-91FE-4AFC-81F8-96F19C3881D6}.Debug|x86.ActiveCfg = Debug|Any CPU
		{A08E875A-91FE-4AFC-81F8-96F19C3881D6}.Debug|x86.Build.0 = Debug|Any CPU
		{A08E875A-91FE-4AFC-81F8-96F19C3881D6}.Release|Any CPU.ActiveCfg = Release|Any CPU
		{A08E875A-91FE-4AFC-81F8-96F19C3881D6}.Release|Any CPU.Build.0 = Release|Any CPU
		{A08E875A-91FE-4AFC-81F8-96F19C3881D6}.Release|x64.ActiveCfg = Release|Any CPU
		{A08E875A-91FE-4AFC-81F8-96F19C3881D6}.Release|x64.Build.0 = Release|Any CPU
		{A08E875A-91FE-4AFC-81F8-96F19C3881D6}.Release|x86.ActiveCfg = Release|Any CPU
		{A08E875A-91FE-4AFC-81F8-96F19C3881D6}.Release|x86.Build.0 = Release|Any CPU
	EndGlobalSection
	GlobalSection(SolutionProperties) = preSolution
		HideSolutionNode = FALSE
	EndGlobalSection
	GlobalSection(ExtensibilityGlobals) = postSolution
		SolutionGuid = {DB8649B5-D9F4-4051-B1A6-AC3F316AE89F}
	EndGlobalSection
EndGlobal
